
Microsoft Visual Studio Solution File, Format Version 12.00
# Visual Studio Version 17
VisualStudioVersion = 17.7.34302.85
MinimumVisualStudioVersion = 10.0.40219.1
Project("{FAE04EC0-301F-11D3-BF4B-00C04F79EFBC}") = "329D Minibank", "329D Minibank\329D Minibank.csproj", "{CE440E1B-75E2-4F96-91F4-A197B578159B}"
EndProject
Global
	GlobalSection(SolutionConfigurationPlatforms) = preSolution
		Debug|Any CPU = Debug|Any CPU
		Release|Any CPU = Release|Any CPU
	EndGlobalSection
	GlobalSection(ProjectConfigurationPlatforms) = postSolution
		{CE440E1B-75E2-4F96-91F4-A197B578159B}.Debug|Any CPU.ActiveCfg = Debug|Any CPU
		{CE440E1B-75E2-4F96-91F4-A197B578159B}.Debug|Any CPU.Build.0 = Debug|Any CPU
		{CE440E1B-75E2-4F96-91F4-A197B578159B}.Release|Any CPU.ActiveCfg = Release|Any CPU
		{CE440E1B-75E2-4F96-91F4-A197B578159B}.Release|Any CPU.Build.0 = Release|Any CPU
	EndGlobalSection
	GlobalSection(SolutionProperties) = preSolution
		HideSolutionNode = FALSE
	EndGlobalSection
	GlobalSection(ExtensibilityGlobals) = postSolution
		SolutionGuid = {B914AD4B-FA53-4E84-86CD-859B64C2F3ED}
	EndGlobalSection
EndGlobal
