
Microsoft Visual Studio Solution File, Format Version 12.00
# Visual Studio Version 17
VisualStudioVersion = 17.7.34302.85
MinimumVisualStudioVersion = 10.0.40219.1
Project("{FAE04EC0-301F-11D3-BF4B-00C04F79EFBC}") = "oppgave.329A", "oppgave.329A\oppgave.329A.csproj", "{7B2A88B0-5ADD-48B8-8CB4-87AE28AB230F}"
EndProject
Global
	GlobalSection(SolutionConfigurationPlatforms) = preSolution
		Debug|Any CPU = Debug|Any CPU
		Release|Any CPU = Release|Any CPU
	EndGlobalSection
	GlobalSection(ProjectConfigurationPlatforms) = postSolution
		{7B2A88B0-5ADD-48B8-8CB4-87AE28AB230F}.Debug|Any CPU.ActiveCfg = Debug|Any CPU
		{7B2A88B0-5ADD-48B8-8CB4-87AE28AB230F}.Debug|Any CPU.Build.0 = Debug|Any CPU
		{7B2A88B0-5ADD-48B8-8CB4-87AE28AB230F}.Release|Any CPU.ActiveCfg = Release|Any CPU
		{7B2A88B0-5ADD-48B8-8CB4-87AE28AB230F}.Release|Any CPU.Build.0 = Release|Any CPU
	EndGlobalSection
	GlobalSection(SolutionProperties) = preSolution
		HideSolutionNode = FALSE
	EndGlobalSection
	GlobalSection(ExtensibilityGlobals) = postSolution
		SolutionGuid = {4B761CA1-E5BE-4E84-8444-E5611EBA7CAF}
	EndGlobalSection
EndGlobal
