
Microsoft Visual Studio Solution File, Format Version 12.00
# Visual Studio Version 17
VisualStudioVersion = 17.7.34302.85
MinimumVisualStudioVersion = 10.0.40219.1
Project("{FAE04EC0-301F-11D3-BF4B-00C04F79EFBC}") = "vacationTour", "vacationTour\vacationTour.csproj", "{6EC02D59-C9BF-4749-803B-EE0CA13041DF}"
EndProject
Global
	GlobalSection(SolutionConfigurationPlatforms) = preSolution
		Debug|Any CPU = Debug|Any CPU
		Release|Any CPU = Release|Any CPU
	EndGlobalSection
	GlobalSection(ProjectConfigurationPlatforms) = postSolution
		{6EC02D59-C9BF-4749-803B-EE0CA13041DF}.Debug|Any CPU.ActiveCfg = Debug|Any CPU
		{6EC02D59-C9BF-4749-803B-EE0CA13041DF}.Debug|Any CPU.Build.0 = Debug|Any CPU
		{6EC02D59-C9BF-4749-803B-EE0CA13041DF}.Release|Any CPU.ActiveCfg = Release|Any CPU
		{6EC02D59-C9BF-4749-803B-EE0CA13041DF}.Release|Any CPU.Build.0 = Release|Any CPU
	EndGlobalSection
	GlobalSection(SolutionProperties) = preSolution
		HideSolutionNode = FALSE
	EndGlobalSection
	GlobalSection(ExtensibilityGlobals) = postSolution
		SolutionGuid = {EAC6DA7E-40B9-454E-80AF-4E5CE6C3DC0C}
	EndGlobalSection
EndGlobal
